
Microsoft Visual Studio Solution File, Format Version 12.00
# Visual Studio Version 16
VisualStudioVersion = 16.0.29519.181
MinimumVisualStudioVersion = 10.0.40219.1
Project("{FAE04EC0-301F-11D3-BF4B-00C04F79EFBC}") = "Server_Side", "Server_Side\Server_Side.csproj", "{59A234D2-EC8B-4487-B30A-C2859E896004}"
EndProject
Global
	GlobalSection(SolutionConfigurationPlatforms) = preSolution
		Debug|Any CPU = Debug|Any CPU
		Release|Any CPU = Release|Any CPU
	EndGlobalSection
	GlobalSection(ProjectConfigurationPlatforms) = postSolution
		{59A234D2-EC8B-4487-B30A-C2859E896004}.Debug|Any CPU.ActiveCfg = Debug|Any CPU
		{59A234D2-EC8B-4487-B30A-C2859E896004}.Debug|Any CPU.Build.0 = Debug|Any CPU
		{59A234D2-EC8B-4487-B30A-C2859E896004}.Release|Any CPU.ActiveCfg = Release|Any CPU
		{59A234D2-EC8B-4487-B30A-C2859E896004}.Release|Any CPU.Build.0 = Release|Any CPU
	EndGlobalSection
	GlobalSection(SolutionProperties) = preSolution
		HideSolutionNode = FALSE
	EndGlobalSection
	GlobalSection(ExtensibilityGlobals) = postSolution
		SolutionGuid = {519E9A4D-6B99-4686-A67B-60E7D72044A4}
	EndGlobalSection
EndGlobal
